<?xml version="1.0" encoding="utf-8"?>
<Project ToolsVersion="4.0" xmlns="http://schemas.microsoft.com/developer/msbuild/2003">
  <ItemGroup>
    <ClCompile Include="include\pugixml\pugixml.cpp">
      <Filter>thirdparty\pugixml</Filter>
    </ClCompile>
    <ClCompile Include="secwidget.cpp">
      <Filter>Source Files</Filter>
    </ClCompile>
    <ClCompile Include="GeneratedFiles\Debug_exe\moc_secwidget.cpp">
      <Filter>Generated Files\Debug_exe</Filter>
    </ClCompile>
    <ClCompile Include="GeneratedFiles\Debug\moc_secwidget.cpp">
      <Filter>Generated Files\Debug</Filter>
    </ClCompile>
    <ClCompile Include="GeneratedFiles\Release\moc_secwidget.cpp">
      <Filter>Generated Files\Release</Filter>
    </ClCompile>
    <ClCompile Include="directitems.cpp">
      <Filter>Source Files</Filter>
    </ClCompile>
    <ClCompile Include="circuitconfig.cpp">
      <Filter>Source Files</Filter>
    </ClCompile>
    <ClCompile Include="CircuitModuleApi.cpp">
      <Filter>Source Files</Filter>
    </ClCompile>
    <ClCompile Include="InteractiveSvgItem.cpp">
      <Filter>Source Files</Filter>
    </ClCompile>
    <ClCompile Include="main.cpp">
      <Filter>Source Files</Filter>
    </ClCompile>
    <ClCompile Include="mainwindow.cpp">
      <Filter>Source Files</Filter>
    </ClCompile>
    <ClCompile Include="RtdbClient.cpp">
      <Filter>Source Files</Filter>
    </ClCompile>
    <ClCompile Include="RtdbUtils.cpp">
      <Filter>Source Files</Filter>
    </ClCompile>
    <ClCompile Include="SvgTransformer.cpp">
      <Filter>Source Files</Filter>
    </ClCompile>
    <ClCompile Include="Common\DiagramBuilderBase.cpp">
      <Filter>Source Files\Common</Filter>
    </ClCompile>
    <ClCompile Include="CircuitDiagramFactory.cpp">
      <Filter>Source Files</Filter>
    </ClCompile>
    <ClCompile Include="CircuitDiagramProxy.cpp">
      <Filter>Source Files</Filter>
    </ClCompile>
    <ClCompile Include="legacy_svg\SvgTransformerLegacy.cpp">
      <Filter>Source Files\legacy_svg</Filter>
    </ClCompile>
    <ClCompile Include="Logical\LogicDiagramBuilder.cpp">
      <Filter>Source Files\Logical</Filter>
    </ClCompile>
    <ClCompile Include="Optical\OpticalDiagramBuilder.cpp">
      <Filter>Source Files\Optical</Filter>
    </ClCompile>
    <ClCompile Include="SvgUtils.cpp">
      <Filter>Source Files</Filter>
    </ClCompile>
    <ClCompile Include="Virtual\VirtualDiagramBuilder.cpp">
      <Filter>Source Files\Virtual</Filter>
    </ClCompile>
    <ClCompile Include="Whole\WholeDiagramBuilder.cpp">
      <Filter>Source Files\Whole</Filter>
    </ClCompile>
    <ClCompile Include="basemodel.h">
      <Filter>Header Files</Filter>
    </ClCompile>
    <ClCompile Include="directwidget.cpp">
      <Filter>Source Files</Filter>
    </ClCompile>
    <ClCompile Include="GeneratedFiles\Debug_exe\moc_directwidget.cpp">
      <Filter>Generated Files\Debug_exe</Filter>
    </ClCompile>
    <ClCompile Include="GeneratedFiles\Debug_exe\moc_InteractiveSvgItem.cpp">
      <Filter>Generated Files\Debug_exe</Filter>
    </ClCompile>
    <ClCompile Include="GeneratedFiles\Debug_exe\moc_mainwindow.cpp">
      <Filter>Generated Files\Debug_exe</Filter>
    </ClCompile>
    <ClCompile Include="GeneratedFiles\Release\moc_directwidget.cpp">
      <Filter>Generated Files\Release</Filter>
    </ClCompile>
    <ClCompile Include="GeneratedFiles\qrc_mainwindow.cpp">
      <Filter>Generated Files</Filter>
    </ClCompile>
    <ClCompile Include="GeneratedFiles\Release\moc_mainwindow.cpp">
      <Filter>Generated Files\Release</Filter>
    </ClCompile>
    <ClCompile Include="GeneratedFiles\Debug\moc_InteractiveSvgItem.cpp">
      <Filter>Generated Files\Debug</Filter>
    </ClCompile>
    <ClCompile Include="GeneratedFiles\Debug\moc_mainwindow.cpp">
      <Filter>Generated Files\Debug</Filter>
    </ClCompile>
    <ClCompile Include="GeneratedFiles\Debug\moc_directwidget.cpp">
      <Filter>Generated Files\Debug</Filter>
    </ClCompile>
    <ClCompile Include="GeneratedFiles\Release\moc_InteractiveSvgItem.cpp">
      <Filter>Generated Files\Release</Filter>
    </ClCompile>
  </ItemGroup>
  <ItemGroup>
    <ClInclude Include="GeneratedFiles\ui_mainwindow.h">
      <Filter>Generated Files</Filter>
    </ClInclude>
    <ClInclude Include="include\pugixml\pugiconfig.hpp">
      <Filter>thirdparty\pugixml</Filter>
    </ClInclude>
    <ClInclude Include="include\pugixml\pugixml.hpp">
      <Filter>thirdparty\pugixml</Filter>
    </ClInclude>
    <ClInclude Include="include\cime\cime.h">
      <Filter>thirdparty\cime</Filter>
    </ClInclude>
    <ClInclude Include="circuitconfig.h">
      <Filter>Header Files</Filter>
    </ClInclude>
    <ClInclude Include="..\circuitmodule_global.h">
      <Filter>Header Files</Filter>
    </ClInclude>
    <ClInclude Include="..\CircuitModuleApi.h">
      <Filter>Header Files</Filter>
    </ClInclude>
    <ClInclude Include="CircuitDiagramFactory.h">
      <Filter>Header Files</Filter>
    </ClInclude>
    <ClInclude Include="CircuitDiagramProxy.h">
      <Filter>Header Files</Filter>
    </ClInclude>
    <ClInclude Include="PainterStateGuard.h">
      <Filter>Header Files</Filter>
    </ClInclude>
    <ClInclude Include="RtdbClient.h">
      <Filter>Header Files</Filter>
    </ClInclude>
    <ClInclude Include="RtdbUtils.h">
      <Filter>Header Files</Filter>
    </ClInclude>
    <ClInclude Include="svgmodel.h">
      <Filter>Header Files</Filter>
    </ClInclude>
    <ClInclude Include="Common\SvgTransformerCommon.h">
      <Filter>Header Files\Common</Filter>
    </ClInclude>
    <ClInclude Include="SvgTransformer.h">
      <Filter>Header Files</Filter>
    </ClInclude>
    <ClInclude Include="SvgUtils.h">
      <Filter>Header Files</Filter>
    </ClInclude>
    <ClInclude Include="directitems.h">
      <Filter>Header Files</Filter>
    </ClInclude>
  </ItemGroup>
  <ItemGroup>
    <CustomBuild Include="mainwindow.ui">
      <Filter>forms</Filter>
    </CustomBuild>
    <CustomBuild Include="mainwindow.qrc">
      <Filter>resources</Filter>
    </CustomBuild>
    <CustomBuild Include="secwidget.h">
      <Filter>Header Files</Filter>
    </CustomBuild>
    <CustomBuild Include="InteractiveSvgItem.h">
      <Filter>Header Files</Filter>
    </CustomBuild>
    <CustomBuild Include="mainwindow.h">
      <Filter>Header Files</Filter>
    </CustomBuild>
    <CustomBuild Include="directwidget.h">
      <Filter>Header Files</Filter>
    </CustomBuild>
  </ItemGroup>
  <ItemGroup>
    <Filter Include="Generated Files">
      <UniqueIdentifier>{71ED8ED8-ACB9-4CE9-BBE1-E00B30144E11}</UniqueIdentifier>
      <Extensions>moc;h;cpp</Extensions>
      <ParseFiles>true</ParseFiles>
    </Filter>
    <Filter Include="forms">
      <UniqueIdentifier>{7d403ccf-e707-4cb4-a83f-92d68f79bda4}</UniqueIdentifier>
    </Filter>
    <Filter Include="resources">
      <UniqueIdentifier>{89154dd3-b1be-4dcf-be27-6f409590c755}</UniqueIdentifier>
    </Filter>
    <Filter Include="thirdparty">
      <UniqueIdentifier>{2f41d17d-8958-48ce-9b90-a5d0da61f0a5}</UniqueIdentifier>
    </Filter>
    <Filter Include="thirdparty\pugixml">
      <UniqueIdentifier>{d7dd28f9-5f07-451d-89e1-0207c162ac4e}</UniqueIdentifier>
    </Filter>
    <Filter Include="thirdparty\cime">
      <UniqueIdentifier>{01085d42-215b-4231-9c49-9af4c480455e}</UniqueIdentifier>
    </Filter>
    <Filter Include="Source Files">
      <UniqueIdentifier>{4FC737F1-C7A5-4376-A066-2A32D752A2FF}</UniqueIdentifier>
      <Extensions>cpp;cxx;c;def</Extensions>
      <ParseFiles>true</ParseFiles>
    </Filter>
    <Filter Include="Source Files\Common">
      <UniqueIdentifier>{A6F1D7E8-A67A-4A4A-8F9E-1F6FCA0B6F01}</UniqueIdentifier>
      <Extensions>cpp;cxx;c;def</Extensions>
      <ParseFiles>true</ParseFiles>
    </Filter>
    <Filter Include="Source Files\Logical">
      <UniqueIdentifier>{3F6A44E9-A9A9-45CE-B86D-E7E09A17F361}</UniqueIdentifier>
      <Extensions>cpp;cxx;c;def</Extensions>
      <ParseFiles>true</ParseFiles>
    </Filter>
    <Filter Include="Source Files\legacy_svg">
      <UniqueIdentifier>{6F2DE2D4-4E5D-46E0-B5BD-9D9C11175A12}</UniqueIdentifier>
      <Extensions>cpp;cxx;c;def</Extensions>
      <ParseFiles>true</ParseFiles>
    </Filter>
    <Filter Include="Source Files\Optical">
      <UniqueIdentifier>{8D88EE5B-0D07-4B6A-A415-528A92EAF0F3}</UniqueIdentifier>
      <Extensions>cpp;cxx;c;def</Extensions>
      <ParseFiles>true</ParseFiles>
    </Filter>
    <Filter Include="Source Files\Virtual">
      <UniqueIdentifier>{2C26027E-1CA0-4ED0-AE39-7A209BD732DA}</UniqueIdentifier>
      <Extensions>cpp;cxx;c;def</Extensions>
      <ParseFiles>true</ParseFiles>
    </Filter>
    <Filter Include="Source Files\Whole">
      <UniqueIdentifier>{1F66CC7F-4468-4BD1-B1A8-8A6B509D4558}</UniqueIdentifier>
      <Extensions>cpp;cxx;c;def</Extensions>
      <ParseFiles>true</ParseFiles>
    </Filter>
    <Filter Include="Header Files">
      <UniqueIdentifier>{93995380-89BD-4b04-88EB-625FBE52EBFB}</UniqueIdentifier>
      <Extensions>h</Extensions>
      <ParseFiles>true</ParseFiles>
    </Filter>
    <Filter Include="Header Files\Common">
      <UniqueIdentifier>{94A9D178-20D7-4AE8-BD89-06D99DCC196D}</UniqueIdentifier>
      <Extensions>h</Extensions>
      <ParseFiles>true</ParseFiles>
    </Filter>
    <Filter Include="Generated Files\Debug_exe">
      <UniqueIdentifier>{5cc30e5c-a089-4c5c-a510-2525111b0434}</UniqueIdentifier>
      <Extensions>cpp;moc</Extensions>
      <SourceControlFiles>False</SourceControlFiles>
    </Filter>
    <Filter Include="Generated Files\Debug">
      <UniqueIdentifier>{e078353c-b3bf-4da8-8329-164be50f9c0d}</UniqueIdentifier>
      <Extensions>cpp;moc</Extensions>
      <SourceControlFiles>False</SourceControlFiles>
    </Filter>
    <Filter Include="Generated Files\Release">
      <UniqueIdentifier>{b9c2cb1c-7cfb-4dd3-9114-660f17dd586d}</UniqueIdentifier>
      <Extensions>cpp;moc</Extensions>
      <SourceControlFiles>False</SourceControlFiles>
    </Filter>
  </ItemGroup>
  <ItemGroup>
    <None Include="cpp.hint" />
    <None Include="STL.natvis">
      <Filter>resources</Filter>
    </None>
  </ItemGroup>
</Project>
